
Microsoft Visual Studio Solution File, Format Version 12.00
# Visual Studio Version 16
VisualStudioVersion = 16.0.30002.166
MinimumVisualStudioVersion = 10.0.40219.1
Project("{FAE04EC0-301F-11D3-BF4B-00C04F79EFBC}") = "Rodrigo_Alves_Coelho_DR2_AT", "Rodrigo_Alves_Coelho_DR2_AT.csproj", "{F77A5CB8-B1A4-4E8D-B306-17608189EB72}"
EndProject
Global
	GlobalSection(SolutionConfigurationPlatforms) = preSolution
		Debug|Any CPU = Debug|Any CPU
		Release|Any CPU = Release|Any CPU
	EndGlobalSection
	GlobalSection(ProjectConfigurationPlatforms) = postSolution
		{F77A5CB8-B1A4-4E8D-B306-17608189EB72}.Debug|Any CPU.ActiveCfg = Debug|Any CPU
		{F77A5CB8-B1A4-4E8D-B306-17608189EB72}.Debug|Any CPU.Build.0 = Debug|Any CPU
		{F77A5CB8-B1A4-4E8D-B306-17608189EB72}.Release|Any CPU.ActiveCfg = Release|Any CPU
		{F77A5CB8-B1A4-4E8D-B306-17608189EB72}.Release|Any CPU.Build.0 = Release|Any CPU
	EndGlobalSection
	GlobalSection(SolutionProperties) = preSolution
		HideSolutionNode = FALSE
	EndGlobalSection
	GlobalSection(ExtensibilityGlobals) = postSolution
		SolutionGuid = {A4009BFA-9D62-49E2-AAAB-0CE60C006A7E}
	EndGlobalSection
EndGlobal
